
Microsoft Visual Studio Solution File, Format Version 12.00
# Visual Studio Version 17
VisualStudioVersion = 17.4.33122.133
MinimumVisualStudioVersion = 10.0.40219.1
Project("{9A19103F-16F7-4668-BE54-9A1E7A4F7556}") = "DB.Operations", "DB.Operations\DB.Operations.csproj", "{450510D8-A553-464D-AB08-948D3E26DF50}"
EndProject
Project("{9A19103F-16F7-4668-BE54-9A1E7A4F7556}") = "Db.Operations.Tests", "Db.Operations.UnitTests\Db.Operations.Tests.csproj", "{F358684F-DD14-4A29-A668-488E3AA87C3C}"
EndProject
Project("{00D1A9C2-B5F0-4AF3-8072-F6C62B433612}") = "Database", "Database\Database.sqlproj", "{ABB199A9-88BB-44E5-9F4C-96012E1F633C}"
EndProject
Global
	GlobalSection(SolutionConfigurationPlatforms) = preSolution
		Debug|Any CPU = Debug|Any CPU
		Release|Any CPU = Release|Any CPU
	EndGlobalSection
	GlobalSection(ProjectConfigurationPlatforms) = postSolution
		{450510D8-A553-464D-AB08-948D3E26DF50}.Debug|Any CPU.ActiveCfg = Debug|Any CPU
		{450510D8-A553-464D-AB08-948D3E26DF50}.Debug|Any CPU.Build.0 = Debug|Any CPU
		{450510D8-A553-464D-AB08-948D3E26DF50}.Release|Any CPU.ActiveCfg = Release|Any CPU
		{450510D8-A553-464D-AB08-948D3E26DF50}.Release|Any CPU.Build.0 = Release|Any CPU
		{F358684F-DD14-4A29-A668-488E3AA87C3C}.Debug|Any CPU.ActiveCfg = Debug|Any CPU
		{F358684F-DD14-4A29-A668-488E3AA87C3C}.Debug|Any CPU.Build.0 = Debug|Any CPU
		{F358684F-DD14-4A29-A668-488E3AA87C3C}.Release|Any CPU.ActiveCfg = Release|Any CPU
		{F358684F-DD14-4A29-A668-488E3AA87C3C}.Release|Any CPU.Build.0 = Release|Any CPU
		{ABB199A9-88BB-44E5-9F4C-96012E1F633C}.Debug|Any CPU.ActiveCfg = Debug|Any CPU
		{ABB199A9-88BB-44E5-9F4C-96012E1F633C}.Debug|Any CPU.Build.0 = Debug|Any CPU
		{ABB199A9-88BB-44E5-9F4C-96012E1F633C}.Debug|Any CPU.Deploy.0 = Debug|Any CPU
		{ABB199A9-88BB-44E5-9F4C-96012E1F633C}.Release|Any CPU.ActiveCfg = Release|Any CPU
		{ABB199A9-88BB-44E5-9F4C-96012E1F633C}.Release|Any CPU.Build.0 = Release|Any CPU
		{ABB199A9-88BB-44E5-9F4C-96012E1F633C}.Release|Any CPU.Deploy.0 = Release|Any CPU
	EndGlobalSection
	GlobalSection(SolutionProperties) = preSolution
		HideSolutionNode = FALSE
	EndGlobalSection
	GlobalSection(ExtensibilityGlobals) = postSolution
		SolutionGuid = {3DED6416-08C4-43FD-99D8-BECEA10A9A01}
	EndGlobalSection
EndGlobal
